
Microsoft Visual Studio Solution File, Format Version 12.00
# Visual Studio Version 17
VisualStudioVersion = 17.2.32630.192
MinimumVisualStudioVersion = 10.0.40219.1
Project("{9A19103F-16F7-4668-BE54-9A1E7A4F7556}") = "SublimeShop.Web", "SublimeShop.Web\SublimeShop.Web.csproj", "{0ED60060-0811-47A4-A2EC-F6C2350C9B50}"
EndProject
Project("{9A19103F-16F7-4668-BE54-9A1E7A4F7556}") = "SublimeShop.Api", "SublimeShop.Api\SublimeShop.Api.csproj", "{C0A9C8C9-D4DF-4620-BBE1-BECD08C56365}"
EndProject
Project("{FAE04EC0-301F-11D3-BF4B-00C04F79EFBC}") = "SublimeShop.Models", "SublimeShop.Models\SublimeShop.Models.csproj", "{24DCB837-2D36-4125-A8F7-ADE957C39753}"
EndProject
Global
	GlobalSection(SolutionConfigurationPlatforms) = preSolution
		Debug|Any CPU = Debug|Any CPU
		Release|Any CPU = Release|Any CPU
	EndGlobalSection
	GlobalSection(ProjectConfigurationPlatforms) = postSolution
		{0ED60060-0811-47A4-A2EC-F6C2350C9B50}.Debug|Any CPU.ActiveCfg = Debug|Any CPU
		{0ED60060-0811-47A4-A2EC-F6C2350C9B50}.Debug|Any CPU.Build.0 = Debug|Any CPU
		{0ED60060-0811-47A4-A2EC-F6C2350C9B50}.Release|Any CPU.ActiveCfg = Release|Any CPU
		{0ED60060-0811-47A4-A2EC-F6C2350C9B50}.Release|Any CPU.Build.0 = Release|Any CPU
		{C0A9C8C9-D4DF-4620-BBE1-BECD08C56365}.Debug|Any CPU.ActiveCfg = Debug|Any CPU
		{C0A9C8C9-D4DF-4620-BBE1-BECD08C56365}.Debug|Any CPU.Build.0 = Debug|Any CPU
		{C0A9C8C9-D4DF-4620-BBE1-BECD08C56365}.Release|Any CPU.ActiveCfg = Release|Any CPU
		{C0A9C8C9-D4DF-4620-BBE1-BECD08C56365}.Release|Any CPU.Build.0 = Release|Any CPU
		{24DCB837-2D36-4125-A8F7-ADE957C39753}.Debug|Any CPU.ActiveCfg = Debug|Any CPU
		{24DCB837-2D36-4125-A8F7-ADE957C39753}.Debug|Any CPU.Build.0 = Debug|Any CPU
		{24DCB837-2D36-4125-A8F7-ADE957C39753}.Release|Any CPU.ActiveCfg = Release|Any CPU
		{24DCB837-2D36-4125-A8F7-ADE957C39753}.Release|Any CPU.Build.0 = Release|Any CPU
	EndGlobalSection
	GlobalSection(SolutionProperties) = preSolution
		HideSolutionNode = FALSE
	EndGlobalSection
	GlobalSection(ExtensibilityGlobals) = postSolution
		SolutionGuid = {95F881A4-AA9D-465E-B9A7-A2FB4E8BFEE9}
	EndGlobalSection
EndGlobal
